
Microsoft Visual Studio Solution File, Format Version 11.00
# Visual Studio 2010
Project("{FAE04EC0-301F-11D3-BF4B-00C04F79EFBC}") = "UnityEngine.UI", "UnityEngine.UI.csproj", "{77cd7266-b7af-10e8-a7cc-47c61fa32619}"
EndProject
Project("{FAE04EC0-301F-11D3-BF4B-00C04F79EFBC}") = "Assembly-CSharp", "Assembly-CSharp.csproj", "{5bba9a78-cfc7-f71a-f3f1-3b35ad404f97}"
EndProject
Project("{FAE04EC0-301F-11D3-BF4B-00C04F79EFBC}") = "UnityEditor.UI", "UnityEditor.UI.csproj", "{6561e9b0-e499-3acd-7b98-fc0cf0cff78f}"
EndProject
Project("{FAE04EC0-301F-11D3-BF4B-00C04F79EFBC}") = "Unity.2D.Sprite.Editor", "Unity.2D.Sprite.Editor.csproj", "{b3b606f9-df74-618a-40fd-332614928b4a}"
EndProject
Global
	GlobalSection(SolutionConfigurationPlatforms) = preSolution
		Debug|Any CPU = Debug|Any CPU
	EndGlobalSection
	GlobalSection(ProjectConfigurationPlatforms) = postSolution
		{77cd7266-b7af-10e8-a7cc-47c61fa32619}.Debug|Any CPU.ActiveCfg = Debug|Any CPU
		{77cd7266-b7af-10e8-a7cc-47c61fa32619}.Debug|Any CPU.Build.0 = Debug|Any CPU
		{5bba9a78-cfc7-f71a-f3f1-3b35ad404f97}.Debug|Any CPU.ActiveCfg = Debug|Any CPU
		{5bba9a78-cfc7-f71a-f3f1-3b35ad404f97}.Debug|Any CPU.Build.0 = Debug|Any CPU
		{6561e9b0-e499-3acd-7b98-fc0cf0cff78f}.Debug|Any CPU.ActiveCfg = Debug|Any CPU
		{6561e9b0-e499-3acd-7b98-fc0cf0cff78f}.Debug|Any CPU.Build.0 = Debug|Any CPU
		{b3b606f9-df74-618a-40fd-332614928b4a}.Debug|Any CPU.ActiveCfg = Debug|Any CPU
		{b3b606f9-df74-618a-40fd-332614928b4a}.Debug|Any CPU.Build.0 = Debug|Any CPU
	EndGlobalSection
	GlobalSection(SolutionProperties) = preSolution
		HideSolutionNode = FALSE
	EndGlobalSection
EndGlobal
